// !$*UTF8*$!
{
	archiveVersion = 1;
	classes = {
	};
	objectVersion = 50;
	objects = {

/* Begin PBXBuildFile section */
		DA061CC726F90453008A94CA /* FavouriteButton.swift in Sources */ = {isa = PBXBuildFile; fileRef = DA061CC626F90453008A94CA /* FavouriteButton.swift */; };
		DA061CCB26F907A2008A94CA /* HexagonParameters.swift in Sources */ = {isa = PBXBuildFile; fileRef = DA061CCA26F907A2008A94CA /* HexagonParameters.swift */; };
		DA061CCD26F90865008A94CA /* BadgeBackground.swift in Sources */ = {isa = PBXBuildFile; fileRef = DA061CCC26F90865008A94CA /* BadgeBackground.swift */; };
		DA061CCF26F90CF6008A94CA /* BadgeSymbol.swift in Sources */ = {isa = PBXBuildFile; fileRef = DA061CCE26F90CF6008A94CA /* BadgeSymbol.swift */; };
		DA061CD126F90EEA008A94CA /* RotatedBadgeSymbol.swift in Sources */ = {isa = PBXBuildFile; fileRef = DA061CD026F90EEA008A94CA /* RotatedBadgeSymbol.swift */; };
		DA061CD326F90F41008A94CA /* Badge.swift in Sources */ = {isa = PBXBuildFile; fileRef = DA061CD226F90F41008A94CA /* Badge.swift */; };
		DA061CD826F91287008A94CA /* hikeData.json in Resources */ = {isa = PBXBuildFile; fileRef = DA061CD726F91287008A94CA /* hikeData.json */; };
		DA061CDA26F912AC008A94CA /* Hike.swift in Sources */ = {isa = PBXBuildFile; fileRef = DA061CD926F912AC008A94CA /* Hike.swift */; };
		DA061CE826F9163E008A94CA /* GraphCapsule.swift in Sources */ = {isa = PBXBuildFile; fileRef = DA061CE726F9163E008A94CA /* GraphCapsule.swift */; };
		DA061CEA26F91651008A94CA /* HikeDetail.swift in Sources */ = {isa = PBXBuildFile; fileRef = DA061CE926F91651008A94CA /* HikeDetail.swift */; };
		DA061CEC26F91668008A94CA /* HikeGraph.swift in Sources */ = {isa = PBXBuildFile; fileRef = DA061CEB26F91668008A94CA /* HikeGraph.swift */; };
		DA061CEE26F9167F008A94CA /* HikeView.swift in Sources */ = {isa = PBXBuildFile; fileRef = DA061CED26F9167F008A94CA /* HikeView.swift */; };
		DA061CF126F91B94008A94CA /* CategoryHome.swift in Sources */ = {isa = PBXBuildFile; fileRef = DA061CF026F91B94008A94CA /* CategoryHome.swift */; };
		DA061CF326F91D27008A94CA /* CategoryRow.swift in Sources */ = {isa = PBXBuildFile; fileRef = DA061CF226F91D27008A94CA /* CategoryRow.swift */; };
		DA061CF526F91E81008A94CA /* CategoryItem.swift in Sources */ = {isa = PBXBuildFile; fileRef = DA061CF426F91E81008A94CA /* CategoryItem.swift */; };
		DA061CF726F92574008A94CA /* Profile.swift in Sources */ = {isa = PBXBuildFile; fileRef = DA061CF626F92574008A94CA /* Profile.swift */; };
		DA061CFA26F925E2008A94CA /* ProfileHost.swift in Sources */ = {isa = PBXBuildFile; fileRef = DA061CF926F925E2008A94CA /* ProfileHost.swift */; };
		DA061CFC26F92638008A94CA /* ProfileSummary.swift in Sources */ = {isa = PBXBuildFile; fileRef = DA061CFB26F92638008A94CA /* ProfileSummary.swift */; };
		DA061CFE26F926FF008A94CA /* HikeBadge.swift in Sources */ = {isa = PBXBuildFile; fileRef = DA061CFD26F926FF008A94CA /* HikeBadge.swift */; };
		DA061D0026F92A22008A94CA /* ProfileEditor.swift in Sources */ = {isa = PBXBuildFile; fileRef = DA061CFF26F92A22008A94CA /* ProfileEditor.swift */; };
		DA97EA5026FBBE91009C626F /* PageViewController.swift in Sources */ = {isa = PBXBuildFile; fileRef = DA97EA4F26FBBE91009C626F /* PageViewController.swift */; };
		DA97EA5226FBBF3D009C626F /* FeatureCard.swift in Sources */ = {isa = PBXBuildFile; fileRef = DA97EA5126FBBF3D009C626F /* FeatureCard.swift */; };
		DA97EA5426FBC209009C626F /* PageView.swift in Sources */ = {isa = PBXBuildFile; fileRef = DA97EA5326FBC209009C626F /* PageView.swift */; };
		DA97EA5626FBC6AF009C626F /* PageControl.swift in Sources */ = {isa = PBXBuildFile; fileRef = DA97EA5526FBC6AF009C626F /* PageControl.swift */; };
		DAC9E5872702374C001442DE /* Assets.xcassets in Resources */ = {isa = PBXBuildFile; fileRef = DAC9E5862702374C001442DE /* Assets.xcassets */; };
		DAC9E58D2702374C001442DE /* WatchLandmarks WatchKit Extension.appex in Embed App Extensions */ = {isa = PBXBuildFile; fileRef = DAC9E58C2702374C001442DE /* WatchLandmarks WatchKit Extension.appex */; settings = {ATTRIBUTES = (RemoveHeadersOnCopy, ); }; };
		DAC9E5942702374D001442DE /* ContentView.swift in Sources */ = {isa = PBXBuildFile; fileRef = DAC9E5932702374D001442DE /* ContentView.swift */; };
		DAC9E5962702374D001442DE /* NotificationController.swift in Sources */ = {isa = PBXBuildFile; fileRef = DAC9E5952702374D001442DE /* NotificationController.swift */; };
		DAC9E5982702374D001442DE /* NotificationView.swift in Sources */ = {isa = PBXBuildFile; fileRef = DAC9E5972702374D001442DE /* NotificationView.swift */; };
		DAC9E59A2702374D001442DE /* ComplicationController.swift in Sources */ = {isa = PBXBuildFile; fileRef = DAC9E5992702374D001442DE /* ComplicationController.swift */; };
		DAC9E59C2702374E001442DE /* Assets.xcassets in Resources */ = {isa = PBXBuildFile; fileRef = DAC9E59B2702374E001442DE /* Assets.xcassets */; };
		DAC9E59F2702374E001442DE /* Preview Assets.xcassets in Resources */ = {isa = PBXBuildFile; fileRef = DAC9E59E2702374E001442DE /* Preview Assets.xcassets */; };
		DAC9E5AB2702374E001442DE /* WatchLandmarksTests.swift in Sources */ = {isa = PBXBuildFile; fileRef = DAC9E5AA2702374E001442DE /* WatchLandmarksTests.swift */; };
		DAC9E5B52702374E001442DE /* WatchLandmarksUITests.swift in Sources */ = {isa = PBXBuildFile; fileRef = DAC9E5B42702374E001442DE /* WatchLandmarksUITests.swift */; };
		DAC9E5B72702374E001442DE /* WatchLandmarksUITestsLaunchTests.swift in Sources */ = {isa = PBXBuildFile; fileRef = DAC9E5B62702374E001442DE /* WatchLandmarksUITestsLaunchTests.swift */; };
		DAC9E5BA2702374E001442DE /* WatchLandmarks.app in Embed Watch Content */ = {isa = PBXBuildFile; fileRef = DAC9E5842702374A001442DE /* WatchLandmarks.app */; settings = {ATTRIBUTES = (RemoveHeadersOnCopy, ); }; };
		DAC9E5C9270238C8001442DE /* Profile.swift in Sources */ = {isa = PBXBuildFile; fileRef = DA061CF626F92574008A94CA /* Profile.swift */; };
		DAC9E5CA270238C8001442DE /* Assets.xcassets in Resources */ = {isa = PBXBuildFile; fileRef = DACA540926F3E84900B2203E /* Assets.xcassets */; };
		DAC9E5CB270238C8001442DE /* hikeData.json in Resources */ = {isa = PBXBuildFile; fileRef = DA061CD726F91287008A94CA /* hikeData.json */; };
		DAC9E5CC270238C8001442DE /* Hike.swift in Sources */ = {isa = PBXBuildFile; fileRef = DA061CD926F912AC008A94CA /* Hike.swift */; };
		DAC9E5CD270238C8001442DE /* LandmarksApp.swift in Sources */ = {isa = PBXBuildFile; fileRef = DACA540526F3E84700B2203E /* LandmarksApp.swift */; };
		DAC9E5CE270238C8001442DE /* LandmarkRow.swift in Sources */ = {isa = PBXBuildFile; fileRef = DACA543F26F660E200B2203E /* LandmarkRow.swift */; };
		DAC9E5CF270238C8001442DE /* MapView.swift in Sources */ = {isa = PBXBuildFile; fileRef = DACA543226F6536600B2203E /* MapView.swift */; };
		DAC9E5D0270238C8001442DE /* Landmark.swift in Sources */ = {isa = PBXBuildFile; fileRef = DACA543926F65A7700B2203E /* Landmark.swift */; };
		DAC9E5D1270238C8001442DE /* CircleImage.swift in Sources */ = {isa = PBXBuildFile; fileRef = DACA543026F6526D00B2203E /* CircleImage.swift */; };
		DAC9E5D2270238C8001442DE /* LandmarkList.swift in Sources */ = {isa = PBXBuildFile; fileRef = DACA544126F661E900B2203E /* LandmarkList.swift */; };
		DAC9E5D3270238C8001442DE /* landmarkData.json in Resources */ = {isa = PBXBuildFile; fileRef = DACA543526F65A1000B2203E /* landmarkData.json */; };
		DAC9E5D4270238C8001442DE /* ModelData.swift in Sources */ = {isa = PBXBuildFile; fileRef = DACA543B26F65CC000B2203E /* ModelData.swift */; };
		DAC9E5D8270239EB001442DE /* LandmarkDetail.swift in Sources */ = {isa = PBXBuildFile; fileRef = DAC9E5D7270239EB001442DE /* LandmarkDetail.swift */; };
		DACA540626F3E84700B2203E /* LandmarksApp.swift in Sources */ = {isa = PBXBuildFile; fileRef = DACA540526F3E84700B2203E /* LandmarksApp.swift */; };
		DACA540826F3E84700B2203E /* ContentView.swift in Sources */ = {isa = PBXBuildFile; fileRef = DACA540726F3E84700B2203E /* ContentView.swift */; };
		DACA540A26F3E84900B2203E /* Assets.xcassets in Resources */ = {isa = PBXBuildFile; fileRef = DACA540926F3E84900B2203E /* Assets.xcassets */; };
		DACA540D26F3E84900B2203E /* Preview Assets.xcassets in Resources */ = {isa = PBXBuildFile; fileRef = DACA540C26F3E84900B2203E /* Preview Assets.xcassets */; };
		DACA541826F3E84900B2203E /* LandmarksTests.swift in Sources */ = {isa = PBXBuildFile; fileRef = DACA541726F3E84900B2203E /* LandmarksTests.swift */; };
		DACA542326F3E84900B2203E /* LandmarksUITests.swift in Sources */ = {isa = PBXBuildFile; fileRef = DACA542226F3E84900B2203E /* LandmarksUITests.swift */; };
		DACA543126F6526D00B2203E /* CircleImage.swift in Sources */ = {isa = PBXBuildFile; fileRef = DACA543026F6526D00B2203E /* CircleImage.swift */; };
		DACA543326F6536600B2203E /* MapView.swift in Sources */ = {isa = PBXBuildFile; fileRef = DACA543226F6536600B2203E /* MapView.swift */; };
		DACA543626F65A1000B2203E /* landmarkData.json in Resources */ = {isa = PBXBuildFile; fileRef = DACA543526F65A1000B2203E /* landmarkData.json */; };
		DACA543A26F65A7700B2203E /* Landmark.swift in Sources */ = {isa = PBXBuildFile; fileRef = DACA543926F65A7700B2203E /* Landmark.swift */; };
		DACA543C26F65CC000B2203E /* ModelData.swift in Sources */ = {isa = PBXBuildFile; fileRef = DACA543B26F65CC000B2203E /* ModelData.swift */; };
		DACA544026F660E200B2203E /* LandmarkRow.swift in Sources */ = {isa = PBXBuildFile; fileRef = DACA543F26F660E200B2203E /* LandmarkRow.swift */; };
		DACA544226F661E900B2203E /* LandmarkList.swift in Sources */ = {isa = PBXBuildFile; fileRef = DACA544126F661E900B2203E /* LandmarkList.swift */; };
		DACA544426F662D900B2203E /* LandmarkDetail.swift in Sources */ = {isa = PBXBuildFile; fileRef = DACA544326F662D900B2203E /* LandmarkDetail.swift */; };
/* End PBXBuildFile section */

/* Begin PBXContainerItemProxy section */
		DAC9E58E2702374C001442DE /* PBXContainerItemProxy */ = {
			isa = PBXContainerItemProxy;
			containerPortal = DACA53FA26F3E84700B2203E /* Project object */;
			proxyType = 1;
			remoteGlobalIDString = DAC9E58B2702374C001442DE;
			remoteInfo = "WatchLandmarks WatchKit Extension";
		};
		DAC9E5A72702374E001442DE /* PBXContainerItemProxy */ = {
			isa = PBXContainerItemProxy;
			containerPortal = DACA53FA26F3E84700B2203E /* Project object */;
			proxyType = 1;
			remoteGlobalIDString = DAC9E58B2702374C001442DE;
			remoteInfo = "WatchLandmarks WatchKit Extension";
		};
		DAC9E5B12702374E001442DE /* PBXContainerItemProxy */ = {
			isa = PBXContainerItemProxy;
			containerPortal = DACA53FA26F3E84700B2203E /* Project object */;
			proxyType = 1;
			remoteGlobalIDString = DAC9E5832702374A001442DE;
			remoteInfo = WatchLandmarks;
		};
		DAC9E5B82702374E001442DE /* PBXContainerItemProxy */ = {
			isa = PBXContainerItemProxy;
			containerPortal = DACA53FA26F3E84700B2203E /* Project object */;
			proxyType = 1;
			remoteGlobalIDString = DAC9E5832702374A001442DE;
			remoteInfo = WatchLandmarks;
		};
		DACA541426F3E84900B2203E /* PBXContainerItemProxy */ = {
			isa = PBXContainerItemProxy;
			containerPortal = DACA53FA26F3E84700B2203E /* Project object */;
			proxyType = 1;
			remoteGlobalIDString = DACA540126F3E84700B2203E;
			remoteInfo = Landmarks;
		};
		DACA541F26F3E84900B2203E /* PBXContainerItemProxy */ = {
			isa = PBXContainerItemProxy;
			containerPortal = DACA53FA26F3E84700B2203E /* Project object */;
			proxyType = 1;
			remoteGlobalIDString = DACA540126F3E84700B2203E;
			remoteInfo = Landmarks;
		};
/* End PBXContainerItemProxy section */

/* Begin PBXCopyFilesBuildPhase section */
		DAC9E5BB2702374E001442DE /* Embed Watch Content */ = {
			isa = PBXCopyFilesBuildPhase;
			buildActionMask = 2147483647;
			dstPath = "$(CONTENTS_FOLDER_PATH)/Watch";
			dstSubfolderSpec = 16;
			files = (
				DAC9E5BA2702374E001442DE /* WatchLandmarks.app in Embed Watch Content */,
			);
			name = "Embed Watch Content";
			runOnlyForDeploymentPostprocessing = 0;
		};
		DAC9E5BE2702374E001442DE /* Embed App Extensions */ = {
			isa = PBXCopyFilesBuildPhase;
			buildActionMask = 2147483647;
			dstPath = "";
			dstSubfolderSpec = 13;
			files = (
				DAC9E58D2702374C001442DE /* WatchLandmarks WatchKit Extension.appex in Embed App Extensions */,
			);
			name = "Embed App Extensions";
			runOnlyForDeploymentPostprocessing = 0;
		};
/* End PBXCopyFilesBuildPhase section */

/* Begin PBXFileReference section */
		DA061CC626F90453008A94CA /* FavouriteButton.swift */ = {isa = PBXFileReference; lastKnownFileType = sourcecode.swift; path = FavouriteButton.swift; sourceTree = "<group>"; };
		DA061CCA26F907A2008A94CA /* HexagonParameters.swift */ = {isa = PBXFileReference; lastKnownFileType = sourcecode.swift; path = HexagonParameters.swift; sourceTree = "<group>"; };
		DA061CCC26F90865008A94CA /* BadgeBackground.swift */ = {isa = PBXFileReference; lastKnownFileType = sourcecode.swift; path = BadgeBackground.swift; sourceTree = "<group>"; };
		DA061CCE26F90CF6008A94CA /* BadgeSymbol.swift */ = {isa = PBXFileReference; lastKnownFileType = sourcecode.swift; path = BadgeSymbol.swift; sourceTree = "<group>"; };
		DA061CD026F90EEA008A94CA /* RotatedBadgeSymbol.swift */ = {isa = PBXFileReference; lastKnownFileType = sourcecode.swift; path = RotatedBadgeSymbol.swift; sourceTree = "<group>"; };
		DA061CD226F90F41008A94CA /* Badge.swift */ = {isa = PBXFileReference; lastKnownFileType = sourcecode.swift; path = Badge.swift; sourceTree = "<group>"; };
		DA061CD726F91287008A94CA /* hikeData.json */ = {isa = PBXFileReference; fileEncoding = 4; lastKnownFileType = text.json; path = hikeData.json; sourceTree = "<group>"; };
		DA061CD926F912AC008A94CA /* Hike.swift */ = {isa = PBXFileReference; lastKnownFileType = sourcecode.swift; path = Hike.swift; sourceTree = "<group>"; };
		DA061CE726F9163E008A94CA /* GraphCapsule.swift */ = {isa = PBXFileReference; lastKnownFileType = sourcecode.swift; path = GraphCapsule.swift; sourceTree = "<group>"; };
		DA061CE926F91651008A94CA /* HikeDetail.swift */ = {isa = PBXFileReference; lastKnownFileType = sourcecode.swift; path = HikeDetail.swift; sourceTree = "<group>"; };
		DA061CEB26F91668008A94CA /* HikeGraph.swift */ = {isa = PBXFileReference; lastKnownFileType = sourcecode.swift; path = HikeGraph.swift; sourceTree = "<group>"; };
		DA061CED26F9167F008A94CA /* HikeView.swift */ = {isa = PBXFileReference; lastKnownFileType = sourcecode.swift; path = HikeView.swift; sourceTree = "<group>"; };
		DA061CF026F91B94008A94CA /* CategoryHome.swift */ = {isa = PBXFileReference; lastKnownFileType = sourcecode.swift; path = CategoryHome.swift; sourceTree = "<group>"; };
		DA061CF226F91D27008A94CA /* CategoryRow.swift */ = {isa = PBXFileReference; lastKnownFileType = sourcecode.swift; path = CategoryRow.swift; sourceTree = "<group>"; };
		DA061CF426F91E81008A94CA /* CategoryItem.swift */ = {isa = PBXFileReference; lastKnownFileType = sourcecode.swift; path = CategoryItem.swift; sourceTree = "<group>"; };
		DA061CF626F92574008A94CA /* Profile.swift */ = {isa = PBXFileReference; lastKnownFileType = sourcecode.swift; path = Profile.swift; sourceTree = "<group>"; };
		DA061CF926F925E2008A94CA /* ProfileHost.swift */ = {isa = PBXFileReference; lastKnownFileType = sourcecode.swift; path = ProfileHost.swift; sourceTree = "<group>"; };
		DA061CFB26F92638008A94CA /* ProfileSummary.swift */ = {isa = PBXFileReference; lastKnownFileType = sourcecode.swift; path = ProfileSummary.swift; sourceTree = "<group>"; };
		DA061CFD26F926FF008A94CA /* HikeBadge.swift */ = {isa = PBXFileReference; lastKnownFileType = sourcecode.swift; path = HikeBadge.swift; sourceTree = "<group>"; };
		DA061CFF26F92A22008A94CA /* ProfileEditor.swift */ = {isa = PBXFileReference; lastKnownFileType = sourcecode.swift; path = ProfileEditor.swift; sourceTree = "<group>"; };
		DA97EA4F26FBBE91009C626F /* PageViewController.swift */ = {isa = PBXFileReference; lastKnownFileType = sourcecode.swift; path = PageViewController.swift; sourceTree = "<group>"; };
		DA97EA5126FBBF3D009C626F /* FeatureCard.swift */ = {isa = PBXFileReference; lastKnownFileType = sourcecode.swift; path = FeatureCard.swift; sourceTree = "<group>"; };
		DA97EA5326FBC209009C626F /* PageView.swift */ = {isa = PBXFileReference; lastKnownFileType = sourcecode.swift; path = PageView.swift; sourceTree = "<group>"; };
		DA97EA5526FBC6AF009C626F /* PageControl.swift */ = {isa = PBXFileReference; lastKnownFileType = sourcecode.swift; path = PageControl.swift; sourceTree = "<group>"; };
		DAC9E5842702374A001442DE /* WatchLandmarks.app */ = {isa = PBXFileReference; explicitFileType = wrapper.application; includeInIndex = 0; path = WatchLandmarks.app; sourceTree = BUILT_PRODUCTS_DIR; };
		DAC9E5862702374C001442DE /* Assets.xcassets */ = {isa = PBXFileReference; lastKnownFileType = folder.assetcatalog; path = Assets.xcassets; sourceTree = "<group>"; };
		DAC9E58C2702374C001442DE /* WatchLandmarks WatchKit Extension.appex */ = {isa = PBXFileReference; explicitFileType = "wrapper.app-extension"; includeInIndex = 0; path = "WatchLandmarks WatchKit Extension.appex"; sourceTree = BUILT_PRODUCTS_DIR; };
		DAC9E5932702374D001442DE /* ContentView.swift */ = {isa = PBXFileReference; lastKnownFileType = sourcecode.swift; path = ContentView.swift; sourceTree = "<group>"; };
		DAC9E5952702374D001442DE /* NotificationController.swift */ = {isa = PBXFileReference; lastKnownFileType = sourcecode.swift; path = NotificationController.swift; sourceTree = "<group>"; };
		DAC9E5972702374D001442DE /* NotificationView.swift */ = {isa = PBXFileReference; lastKnownFileType = sourcecode.swift; path = NotificationView.swift; sourceTree = "<group>"; };
		DAC9E5992702374D001442DE /* ComplicationController.swift */ = {isa = PBXFileReference; lastKnownFileType = sourcecode.swift; path = ComplicationController.swift; sourceTree = "<group>"; };
		DAC9E59B2702374E001442DE /* Assets.xcassets */ = {isa = PBXFileReference; lastKnownFileType = folder.assetcatalog; path = Assets.xcassets; sourceTree = "<group>"; };
		DAC9E59E2702374E001442DE /* Preview Assets.xcassets */ = {isa = PBXFileReference; lastKnownFileType = folder.assetcatalog; path = "Preview Assets.xcassets"; sourceTree = "<group>"; };
		DAC9E5A02702374E001442DE /* Info.plist */ = {isa = PBXFileReference; lastKnownFileType = text.plist.xml; path = Info.plist; sourceTree = "<group>"; };
		DAC9E5A12702374E001442DE /* PushNotificationPayload.apns */ = {isa = PBXFileReference; lastKnownFileType = text; path = PushNotificationPayload.apns; sourceTree = "<group>"; };
		DAC9E5A62702374E001442DE /* WatchLandmarksTests.xctest */ = {isa = PBXFileReference; explicitFileType = wrapper.cfbundle; includeInIndex = 0; path = WatchLandmarksTests.xctest; sourceTree = BUILT_PRODUCTS_DIR; };
		DAC9E5AA2702374E001442DE /* WatchLandmarksTests.swift */ = {isa = PBXFileReference; lastKnownFileType = sourcecode.swift; path = WatchLandmarksTests.swift; sourceTree = "<group>"; };
		DAC9E5B02702374E001442DE /* WatchLandmarksUITests.xctest */ = {isa = PBXFileReference; explicitFileType = wrapper.cfbundle; includeInIndex = 0; path = WatchLandmarksUITests.xctest; sourceTree = BUILT_PRODUCTS_DIR; };
		DAC9E5B42702374E001442DE /* WatchLandmarksUITests.swift */ = {isa = PBXFileReference; lastKnownFileType = sourcecode.swift; path = WatchLandmarksUITests.swift; sourceTree = "<group>"; };
		DAC9E5B62702374E001442DE /* WatchLandmarksUITestsLaunchTests.swift */ = {isa = PBXFileReference; lastKnownFileType = sourcecode.swift; path = WatchLandmarksUITestsLaunchTests.swift; sourceTree = "<group>"; };
		DAC9E5D7270239EB001442DE /* LandmarkDetail.swift */ = {isa = PBXFileReference; lastKnownFileType = sourcecode.swift; path = LandmarkDetail.swift; sourceTree = "<group>"; };
		DACA540226F3E84700B2203E /* Landmarks.app */ = {isa = PBXFileReference; explicitFileType = wrapper.application; includeInIndex = 0; path = Landmarks.app; sourceTree = BUILT_PRODUCTS_DIR; };
		DACA540526F3E84700B2203E /* LandmarksApp.swift */ = {isa = PBXFileReference; lastKnownFileType = sourcecode.swift; path = LandmarksApp.swift; sourceTree = "<group>"; };
		DACA540726F3E84700B2203E /* ContentView.swift */ = {isa = PBXFileReference; lastKnownFileType = sourcecode.swift; path = ContentView.swift; sourceTree = "<group>"; };
		DACA540926F3E84900B2203E /* Assets.xcassets */ = {isa = PBXFileReference; lastKnownFileType = folder.assetcatalog; path = Assets.xcassets; sourceTree = "<group>"; };
		DACA540C26F3E84900B2203E /* Preview Assets.xcassets */ = {isa = PBXFileReference; lastKnownFileType = folder.assetcatalog; path = "Preview Assets.xcassets"; sourceTree = "<group>"; };
		DACA540E26F3E84900B2203E /* Info.plist */ = {isa = PBXFileReference; lastKnownFileType = text.plist.xml; path = Info.plist; sourceTree = "<group>"; };
		DACA541326F3E84900B2203E /* LandmarksTests.xctest */ = {isa = PBXFileReference; explicitFileType = wrapper.cfbundle; includeInIndex = 0; path = LandmarksTests.xctest; sourceTree = BUILT_PRODUCTS_DIR; };
		DACA541726F3E84900B2203E /* LandmarksTests.swift */ = {isa = PBXFileReference; lastKnownFileType = sourcecode.swift; path = LandmarksTests.swift; sourceTree = "<group>"; };
		DACA541926F3E84900B2203E /* Info.plist */ = {isa = PBXFileReference; lastKnownFileType = text.plist.xml; path = Info.plist; sourceTree = "<group>"; };
		DACA541E26F3E84900B2203E /* LandmarksUITests.xctest */ = {isa = PBXFileReference; explicitFileType = wrapper.cfbundle; includeInIndex = 0; path = LandmarksUITests.xctest; sourceTree = BUILT_PRODUCTS_DIR; };
		DACA542226F3E84900B2203E /* LandmarksUITests.swift */ = {isa = PBXFileReference; lastKnownFileType = sourcecode.swift; path = LandmarksUITests.swift; sourceTree = "<group>"; };
		DACA542426F3E84900B2203E /* Info.plist */ = {isa = PBXFileReference; lastKnownFileType = text.plist.xml; path = Info.plist; sourceTree = "<group>"; };
		DACA543026F6526D00B2203E /* CircleImage.swift */ = {isa = PBXFileReference; lastKnownFileType = sourcecode.swift; path = CircleImage.swift; sourceTree = "<group>"; };
		DACA543226F6536600B2203E /* MapView.swift */ = {isa = PBXFileReference; lastKnownFileType = sourcecode.swift; path = MapView.swift; sourceTree = "<group>"; };
		DACA543526F65A1000B2203E /* landmarkData.json */ = {isa = PBXFileReference; fileEncoding = 4; lastKnownFileType = text.json; path = landmarkData.json; sourceTree = "<group>"; };
		DACA543926F65A7700B2203E /* Landmark.swift */ = {isa = PBXFileReference; lastKnownFileType = sourcecode.swift; path = Landmark.swift; sourceTree = "<group>"; };
		DACA543B26F65CC000B2203E /* ModelData.swift */ = {isa = PBXFileReference; lastKnownFileType = sourcecode.swift; path = ModelData.swift; sourceTree = "<group>"; };
		DACA543F26F660E200B2203E /* LandmarkRow.swift */ = {isa = PBXFileReference; lastKnownFileType = sourcecode.swift; path = LandmarkRow.swift; sourceTree = "<group>"; };
		DACA544126F661E900B2203E /* LandmarkList.swift */ = {isa = PBXFileReference; lastKnownFileType = sourcecode.swift; path = LandmarkList.swift; sourceTree = "<group>"; };
		DACA544326F662D900B2203E /* LandmarkDetail.swift */ = {isa = PBXFileReference; lastKnownFileType = sourcecode.swift; path = LandmarkDetail.swift; sourceTree = "<group>"; };
/* End PBXFileReference section */

/* Begin PBXFrameworksBuildPhase section */
		DAC9E5892702374C001442DE /* Frameworks */ = {
			isa = PBXFrameworksBuildPhase;
			buildActionMask = 2147483647;
			files = (
			);
			runOnlyForDeploymentPostprocessing = 0;
		};
		DAC9E5A32702374E001442DE /* Frameworks */ = {
			isa = PBXFrameworksBuildPhase;
			buildActionMask = 2147483647;
			files = (
			);
			runOnlyForDeploymentPostprocessing = 0;
		};
		DAC9E5AD2702374E001442DE /* Frameworks */ = {
			isa = PBXFrameworksBuildPhase;
			buildActionMask = 2147483647;
			files = (
			);
			runOnlyForDeploymentPostprocessing = 0;
		};
		DACA53FF26F3E84700B2203E /* Frameworks */ = {
			isa = PBXFrameworksBuildPhase;
			buildActionMask = 2147483647;
			files = (
			);
			runOnlyForDeploymentPostprocessing = 0;
		};
		DACA541026F3E84900B2203E /* Frameworks */ = {
			isa = PBXFrameworksBuildPhase;
			buildActionMask = 2147483647;
			files = (
			);
			runOnlyForDeploymentPostprocessing = 0;
		};
		DACA541B26F3E84900B2203E /* Frameworks */ = {
			isa = PBXFrameworksBuildPhase;
			buildActionMask = 2147483647;
			files = (
			);
			runOnlyForDeploymentPostprocessing = 0;
		};
/* End PBXFrameworksBuildPhase section */

/* Begin PBXGroup section */
		DA061CC826F90533008A94CA /* Landmarks */ = {
			isa = PBXGroup;
			children = (
				DACA543F26F660E200B2203E /* LandmarkRow.swift */,
				DACA544126F661E900B2203E /* LandmarkList.swift */,
				DACA544326F662D900B2203E /* LandmarkDetail.swift */,
			);
			path = Landmarks;
			sourceTree = "<group>";
		};
		DA061CC926F9053F008A94CA /* Helpers */ = {
			isa = PBXGroup;
			children = (
				DACA543026F6526D00B2203E /* CircleImage.swift */,
				DACA543226F6536600B2203E /* MapView.swift */,
				DA061CC626F90453008A94CA /* FavouriteButton.swift */,
			);
			path = Helpers;
			sourceTree = "<group>";
		};
		DA061CD426F910C6008A94CA /* Badges */ = {
			isa = PBXGroup;
			children = (
				DA061CCA26F907A2008A94CA /* HexagonParameters.swift */,
				DA061CCC26F90865008A94CA /* BadgeBackground.swift */,
				DA061CCE26F90CF6008A94CA /* BadgeSymbol.swift */,
				DA061CD026F90EEA008A94CA /* RotatedBadgeSymbol.swift */,
				DA061CD226F90F41008A94CA /* Badge.swift */,
			);
			path = Badges;
			sourceTree = "<group>";
		};
		DA061CE626F91633008A94CA /* Hikes */ = {
			isa = PBXGroup;
			children = (
				DA061CE726F9163E008A94CA /* GraphCapsule.swift */,
				DA061CE926F91651008A94CA /* HikeDetail.swift */,
				DA061CEB26F91668008A94CA /* HikeGraph.swift */,
				DA061CED26F9167F008A94CA /* HikeView.swift */,
				DA061CFD26F926FF008A94CA /* HikeBadge.swift */,
			);
			path = Hikes;
			sourceTree = "<group>";
		};
		DA061CEF26F91B89008A94CA /* Categories */ = {
			isa = PBXGroup;
			children = (
				DA061CF026F91B94008A94CA /* CategoryHome.swift */,
				DA061CF226F91D27008A94CA /* CategoryRow.swift */,
				DA061CF426F91E81008A94CA /* CategoryItem.swift */,
			);
			path = Categories;
			sourceTree = "<group>";
		};
		DA061CF826F925D4008A94CA /* Profiles */ = {
			isa = PBXGroup;
			children = (
				DA061CF926F925E2008A94CA /* ProfileHost.swift */,
				DA061CFB26F92638008A94CA /* ProfileSummary.swift */,
				DA061CFF26F92A22008A94CA /* ProfileEditor.swift */,
			);
			path = Profiles;
			sourceTree = "<group>";
		};
		DA97EA4E26FBBE73009C626F /* PageView */ = {
			isa = PBXGroup;
			children = (
				DA97EA4F26FBBE91009C626F /* PageViewController.swift */,
				DA97EA5126FBBF3D009C626F /* FeatureCard.swift */,
				DA97EA5326FBC209009C626F /* PageView.swift */,
				DA97EA5526FBC6AF009C626F /* PageControl.swift */,
			);
			path = PageView;
			sourceTree = "<group>";
		};
		DAC9E5852702374A001442DE /* WatchLandmarks */ = {
			isa = PBXGroup;
			children = (
				DAC9E5862702374C001442DE /* Assets.xcassets */,
			);
			path = WatchLandmarks;
			sourceTree = "<group>";
		};
		DAC9E5902702374C001442DE /* WatchLandmarks WatchKit Extension */ = {
			isa = PBXGroup;
			children = (
				DAC9E5D5270239BF001442DE /* Views */,
				DAC9E5932702374D001442DE /* ContentView.swift */,
				DAC9E5952702374D001442DE /* NotificationController.swift */,
				DAC9E5972702374D001442DE /* NotificationView.swift */,
				DAC9E5992702374D001442DE /* ComplicationController.swift */,
				DAC9E59B2702374E001442DE /* Assets.xcassets */,
				DAC9E5A02702374E001442DE /* Info.plist */,
				DAC9E5A12702374E001442DE /* PushNotificationPayload.apns */,
				DAC9E59D2702374E001442DE /* Preview Content */,
			);
			path = "WatchLandmarks WatchKit Extension";
			sourceTree = "<group>";
		};
		DAC9E59D2702374E001442DE /* Preview Content */ = {
			isa = PBXGroup;
			children = (
				DAC9E59E2702374E001442DE /* Preview Assets.xcassets */,
			);
			path = "Preview Content";
			sourceTree = "<group>";
		};
		DAC9E5A92702374E001442DE /* WatchLandmarksTests */ = {
			isa = PBXGroup;
			children = (
				DAC9E5AA2702374E001442DE /* WatchLandmarksTests.swift */,
			);
			path = WatchLandmarksTests;
			sourceTree = "<group>";
		};
		DAC9E5B32702374E001442DE /* WatchLandmarksUITests */ = {
			isa = PBXGroup;
			children = (
				DAC9E5B42702374E001442DE /* WatchLandmarksUITests.swift */,
				DAC9E5B62702374E001442DE /* WatchLandmarksUITestsLaunchTests.swift */,
			);
			path = WatchLandmarksUITests;
			sourceTree = "<group>";
		};
		DAC9E5D5270239BF001442DE /* Views */ = {
			isa = PBXGroup;
			children = (
				DAC9E5D6270239D5001442DE /* Landmarks */,
			);
			path = Views;
			sourceTree = "<group>";
		};
		DAC9E5D6270239D5001442DE /* Landmarks */ = {
			isa = PBXGroup;
			children = (
				DAC9E5D7270239EB001442DE /* LandmarkDetail.swift */,
			);
			path = Landmarks;
			sourceTree = "<group>";
		};
		DACA53F926F3E84700B2203E = {
			isa = PBXGroup;
			children = (
				DACA540426F3E84700B2203E /* Landmarks */,
				DACA541626F3E84900B2203E /* LandmarksTests */,
				DACA542126F3E84900B2203E /* LandmarksUITests */,
				DAC9E5852702374A001442DE /* WatchLandmarks */,
				DAC9E5902702374C001442DE /* WatchLandmarks WatchKit Extension */,
				DAC9E5A92702374E001442DE /* WatchLandmarksTests */,
				DAC9E5B32702374E001442DE /* WatchLandmarksUITests */,
				DACA540326F3E84700B2203E /* Products */,
			);
			sourceTree = "<group>";
		};
		DACA540326F3E84700B2203E /* Products */ = {
			isa = PBXGroup;
			children = (
				DACA540226F3E84700B2203E /* Landmarks.app */,
				DACA541326F3E84900B2203E /* LandmarksTests.xctest */,
				DACA541E26F3E84900B2203E /* LandmarksUITests.xctest */,
				DAC9E5842702374A001442DE /* WatchLandmarks.app */,
				DAC9E58C2702374C001442DE /* WatchLandmarks WatchKit Extension.appex */,
				DAC9E5A62702374E001442DE /* WatchLandmarksTests.xctest */,
				DAC9E5B02702374E001442DE /* WatchLandmarksUITests.xctest */,
			);
			name = Products;
			sourceTree = "<group>";
		};
		DACA540426F3E84700B2203E /* Landmarks */ = {
			isa = PBXGroup;
			children = (
				DACA543426F659C300B2203E /* Resources */,
				DACA540526F3E84700B2203E /* LandmarksApp.swift */,
				DACA543D26F65E9900B2203E /* Views */,
				DACA543E26F65EB200B2203E /* Model */,
				DACA540926F3E84900B2203E /* Assets.xcassets */,
				DACA540E26F3E84900B2203E /* Info.plist */,
				DACA540B26F3E84900B2203E /* Preview Content */,
			);
			path = Landmarks;
			sourceTree = "<group>";
		};
		DACA540B26F3E84900B2203E /* Preview Content */ = {
			isa = PBXGroup;
			children = (
				DACA540C26F3E84900B2203E /* Preview Assets.xcassets */,
			);
			path = "Preview Content";
			sourceTree = "<group>";
		};
		DACA541626F3E84900B2203E /* LandmarksTests */ = {
			isa = PBXGroup;
			children = (
				DACA541726F3E84900B2203E /* LandmarksTests.swift */,
				DACA541926F3E84900B2203E /* Info.plist */,
			);
			path = LandmarksTests;
			sourceTree = "<group>";
		};
		DACA542126F3E84900B2203E /* LandmarksUITests */ = {
			isa = PBXGroup;
			children = (
				DACA542226F3E84900B2203E /* LandmarksUITests.swift */,
				DACA542426F3E84900B2203E /* Info.plist */,
			);
			path = LandmarksUITests;
			sourceTree = "<group>";
		};
		DACA543426F659C300B2203E /* Resources */ = {
			isa = PBXGroup;
			children = (
				DA061CD726F91287008A94CA /* hikeData.json */,
				DACA543526F65A1000B2203E /* landmarkData.json */,
			);
			path = Resources;
			sourceTree = "<group>";
		};
		DACA543D26F65E9900B2203E /* Views */ = {
			isa = PBXGroup;
			children = (
				DA97EA4E26FBBE73009C626F /* PageView */,
				DA061CF826F925D4008A94CA /* Profiles */,
				DA061CEF26F91B89008A94CA /* Categories */,
				DA061CE626F91633008A94CA /* Hikes */,
				DACA540726F3E84700B2203E /* ContentView.swift */,
				DA061CC926F9053F008A94CA /* Helpers */,
				DA061CC826F90533008A94CA /* Landmarks */,
				DA061CD426F910C6008A94CA /* Badges */,
			);
			path = Views;
			sourceTree = "<group>";
		};
		DACA543E26F65EB200B2203E /* Model */ = {
			isa = PBXGroup;
			children = (
				DACA543926F65A7700B2203E /* Landmark.swift */,
				DACA543B26F65CC000B2203E /* ModelData.swift */,
				DA061CD926F912AC008A94CA /* Hike.swift */,
				DA061CF626F92574008A94CA /* Profile.swift */,
			);
			path = Model;
			sourceTree = "<group>";
		};
/* End PBXGroup section */

/* Begin PBXNativeTarget section */
		DAC9E5832702374A001442DE /* WatchLandmarks */ = {
			isa = PBXNativeTarget;
			buildConfigurationList = DAC9E5C62702374E001442DE /* Build configuration list for PBXNativeTarget "WatchLandmarks" */;
			buildPhases = (
				DAC9E5822702374A001442DE /* Resources */,
				DAC9E5BE2702374E001442DE /* Embed App Extensions */,
			);
			buildRules = (
			);
			dependencies = (
				DAC9E58F2702374C001442DE /* PBXTargetDependency */,
			);
			name = WatchLandmarks;
			productName = WatchLandmarks;
			productReference = DAC9E5842702374A001442DE /* WatchLandmarks.app */;
			productType = "com.apple.product-type.application.watchapp2";
		};
		DAC9E58B2702374C001442DE /* WatchLandmarks WatchKit Extension */ = {
			isa = PBXNativeTarget;
			buildConfigurationList = DAC9E5C52702374E001442DE /* Build configuration list for PBXNativeTarget "WatchLandmarks WatchKit Extension" */;
			buildPhases = (
				DAC9E5882702374C001442DE /* Sources */,
				DAC9E5892702374C001442DE /* Frameworks */,
				DAC9E58A2702374C001442DE /* Resources */,
			);
			buildRules = (
			);
			dependencies = (
			);
			name = "WatchLandmarks WatchKit Extension";
			productName = "WatchLandmarks WatchKit Extension";
			productReference = DAC9E58C2702374C001442DE /* WatchLandmarks WatchKit Extension.appex */;
			productType = "com.apple.product-type.watchkit2-extension";
		};
		DAC9E5A52702374E001442DE /* WatchLandmarksTests */ = {
			isa = PBXNativeTarget;
			buildConfigurationList = DAC9E5C72702374E001442DE /* Build configuration list for PBXNativeTarget "WatchLandmarksTests" */;
			buildPhases = (
				DAC9E5A22702374E001442DE /* Sources */,
				DAC9E5A32702374E001442DE /* Frameworks */,
				DAC9E5A42702374E001442DE /* Resources */,
			);
			buildRules = (
			);
			dependencies = (
				DAC9E5A82702374E001442DE /* PBXTargetDependency */,
			);
			name = WatchLandmarksTests;
			productName = WatchLandmarksTests;
			productReference = DAC9E5A62702374E001442DE /* WatchLandmarksTests.xctest */;
			productType = "com.apple.product-type.bundle.unit-test";
		};
		DAC9E5AF2702374E001442DE /* WatchLandmarksUITests */ = {
			isa = PBXNativeTarget;
			buildConfigurationList = DAC9E5C82702374E001442DE /* Build configuration list for PBXNativeTarget "WatchLandmarksUITests" */;
			buildPhases = (
				DAC9E5AC2702374E001442DE /* Sources */,
				DAC9E5AD2702374E001442DE /* Frameworks */,
				DAC9E5AE2702374E001442DE /* Resources */,
			);
			buildRules = (
			);
			dependencies = (
				DAC9E5B22702374E001442DE /* PBXTargetDependency */,
			);
			name = WatchLandmarksUITests;
			productName = WatchLandmarksUITests;
			productReference = DAC9E5B02702374E001442DE /* WatchLandmarksUITests.xctest */;
			productType = "com.apple.product-type.bundle.ui-testing";
		};
		DACA540126F3E84700B2203E /* Landmarks */ = {
			isa = PBXNativeTarget;
			buildConfigurationList = DACA542726F3E84900B2203E /* Build configuration list for PBXNativeTarget "Landmarks" */;
			buildPhases = (
				DACA53FE26F3E84700B2203E /* Sources */,
				DACA53FF26F3E84700B2203E /* Frameworks */,
				DACA540026F3E84700B2203E /* Resources */,
				DAC9E5BB2702374E001442DE /* Embed Watch Content */,
			);
			buildRules = (
			);
			dependencies = (
				DAC9E5B92702374E001442DE /* PBXTargetDependency */,
			);
			name = Landmarks;
			productName = Landmarks;
			productReference = DACA540226F3E84700B2203E /* Landmarks.app */;
			productType = "com.apple.product-type.application";
		};
		DACA541226F3E84900B2203E /* LandmarksTests */ = {
			isa = PBXNativeTarget;
			buildConfigurationList = DACA542A26F3E84900B2203E /* Build configuration list for PBXNativeTarget "LandmarksTests" */;
			buildPhases = (
				DACA540F26F3E84900B2203E /* Sources */,
				DACA541026F3E84900B2203E /* Frameworks */,
				DACA541126F3E84900B2203E /* Resources */,
			);
			buildRules = (
			);
			dependencies = (
				DACA541526F3E84900B2203E /* PBXTargetDependency */,
			);
			name = LandmarksTests;
			productName = LandmarksTests;
			productReference = DACA541326F3E84900B2203E /* LandmarksTests.xctest */;
			productType = "com.apple.product-type.bundle.unit-test";
		};
		DACA541D26F3E84900B2203E /* LandmarksUITests */ = {
			isa = PBXNativeTarget;
			buildConfigurationList = DACA542D26F3E84900B2203E /* Build configuration list for PBXNativeTarget "LandmarksUITests" */;
			buildPhases = (
				DACA541A26F3E84900B2203E /* Sources */,
				DACA541B26F3E84900B2203E /* Frameworks */,
				DACA541C26F3E84900B2203E /* Resources */,
			);
			buildRules = (
			);
			dependencies = (
				DACA542026F3E84900B2203E /* PBXTargetDependency */,
			);
			name = LandmarksUITests;
			productName = LandmarksUITests;
			productReference = DACA541E26F3E84900B2203E /* LandmarksUITests.xctest */;
			productType = "com.apple.product-type.bundle.ui-testing";
		};
/* End PBXNativeTarget section */

/* Begin PBXProject section */
		DACA53FA26F3E84700B2203E /* Project object */ = {
			isa = PBXProject;
			attributes = {
				LastSwiftUpdateCheck = 1300;
				LastUpgradeCheck = 1250;
				TargetAttributes = {
					DAC9E5832702374A001442DE = {
						CreatedOnToolsVersion = 13.0;
					};
					DAC9E58B2702374C001442DE = {
						CreatedOnToolsVersion = 13.0;
					};
					DAC9E5A52702374E001442DE = {
						CreatedOnToolsVersion = 13.0;
						TestTargetID = DAC9E58B2702374C001442DE;
					};
					DAC9E5AF2702374E001442DE = {
						CreatedOnToolsVersion = 13.0;
						TestTargetID = DAC9E5832702374A001442DE;
					};
					DACA540126F3E84700B2203E = {
						CreatedOnToolsVersion = 12.5.1;
					};
					DACA541226F3E84900B2203E = {
						CreatedOnToolsVersion = 12.5.1;
						TestTargetID = DACA540126F3E84700B2203E;
					};
					DACA541D26F3E84900B2203E = {
						CreatedOnToolsVersion = 12.5.1;
						TestTargetID = DACA540126F3E84700B2203E;
					};
				};
			};
			buildConfigurationList = DACA53FD26F3E84700B2203E /* Build configuration list for PBXProject "Landmarks" */;
			compatibilityVersion = "Xcode 9.3";
			developmentRegion = en;
			hasScannedForEncodings = 0;
			knownRegions = (
				en,
				Base,
			);
			mainGroup = DACA53F926F3E84700B2203E;
			productRefGroup = DACA540326F3E84700B2203E /* Products */;
			projectDirPath = "";
			projectRoot = "";
			targets = (
				DACA540126F3E84700B2203E /* Landmarks */,
				DACA541226F3E84900B2203E /* LandmarksTests */,
				DACA541D26F3E84900B2203E /* LandmarksUITests */,
				DAC9E5832702374A001442DE /* WatchLandmarks */,
				DAC9E58B2702374C001442DE /* WatchLandmarks WatchKit Extension */,
				DAC9E5A52702374E001442DE /* WatchLandmarksTests */,
				DAC9E5AF2702374E001442DE /* WatchLandmarksUITests */,
			);
		};
/* End PBXProject section */

/* Begin PBXResourcesBuildPhase section */
		DAC9E5822702374A001442DE /* Resources */ = {
			isa = PBXResourcesBuildPhase;
			buildActionMask = 2147483647;
			files = (
				DAC9E5872702374C001442DE /* Assets.xcassets in Resources */,
			);
			runOnlyForDeploymentPostprocessing = 0;
		};
		DAC9E58A2702374C001442DE /* Resources */ = {
			isa = PBXResourcesBuildPhase;
			buildActionMask = 2147483647;
			files = (
				DAC9E5CB270238C8001442DE /* hikeData.json in Resources */,
				DAC9E59F2702374E001442DE /* Preview Assets.xcassets in Resources */,
				DAC9E5CA270238C8001442DE /* Assets.xcassets in Resources */,
				DAC9E5D3270238C8001442DE /* landmarkData.json in Resources */,
				DAC9E59C2702374E001442DE /* Assets.xcassets in Resources */,
			);
			runOnlyForDeploymentPostprocessing = 0;
		};
		DAC9E5A42702374E001442DE /* Resources */ = {
			isa = PBXResourcesBuildPhase;
			buildActionMask = 2147483647;
			files = (
			);
			runOnlyForDeploymentPostprocessing = 0;
		};
		DAC9E5AE2702374E001442DE /* Resources */ = {
			isa = PBXResourcesBuildPhase;
			buildActionMask = 2147483647;
			files = (
			);
			runOnlyForDeploymentPostprocessing = 0;
		};
		DACA540026F3E84700B2203E /* Resources */ = {
			isa = PBXResourcesBuildPhase;
			buildActionMask = 2147483647;
			files = (
				DA061CD826F91287008A94CA /* hikeData.json in Resources */,
				DACA540D26F3E84900B2203E /* Preview Assets.xcassets in Resources */,
				DACA540A26F3E84900B2203E /* Assets.xcassets in Resources */,
				DACA543626F65A1000B2203E /* landmarkData.json in Resources */,
			);
			runOnlyForDeploymentPostprocessing = 0;
		};
		DACA541126F3E84900B2203E /* Resources */ = {
			isa = PBXResourcesBuildPhase;
			buildActionMask = 2147483647;
			files = (
			);
			runOnlyForDeploymentPostprocessing = 0;
		};
		DACA541C26F3E84900B2203E /* Resources */ = {
			isa = PBXResourcesBuildPhase;
			buildActionMask = 2147483647;
			files = (
			);
			runOnlyForDeploymentPostprocessing = 0;
		};
/* End PBXResourcesBuildPhase section */

/* Begin PBXSourcesBuildPhase section */
		DAC9E5882702374C001442DE /* Sources */ = {
			isa = PBXSourcesBuildPhase;
			buildActionMask = 2147483647;
			files = (
				DAC9E5CC270238C8001442DE /* Hike.swift in Sources */,
				DAC9E5CD270238C8001442DE /* LandmarksApp.swift in Sources */,
				DAC9E5962702374D001442DE /* NotificationController.swift in Sources */,
				DAC9E5D4270238C8001442DE /* ModelData.swift in Sources */,
				DAC9E5C9270238C8001442DE /* Profile.swift in Sources */,
				DAC9E5942702374D001442DE /* ContentView.swift in Sources */,
				DAC9E5D8270239EB001442DE /* LandmarkDetail.swift in Sources */,
				DAC9E59A2702374D001442DE /* ComplicationController.swift in Sources */,
				DAC9E5CE270238C8001442DE /* LandmarkRow.swift in Sources */,
				DAC9E5D2270238C8001442DE /* LandmarkList.swift in Sources */,
				DAC9E5CF270238C8001442DE /* MapView.swift in Sources */,
				DAC9E5D1270238C8001442DE /* CircleImage.swift in Sources */,
				DAC9E5982702374D001442DE /* NotificationView.swift in Sources */,
				DAC9E5D0270238C8001442DE /* Landmark.swift in Sources */,
			);
			runOnlyForDeploymentPostprocessing = 0;
		};
		DAC9E5A22702374E001442DE /* Sources */ = {
			isa = PBXSourcesBuildPhase;
			buildActionMask = 2147483647;
			files = (
				DAC9E5AB2702374E001442DE /* WatchLandmarksTests.swift in Sources */,
			);
			runOnlyForDeploymentPostprocessing = 0;
		};
		DAC9E5AC2702374E001442DE /* Sources */ = {
			isa = PBXSourcesBuildPhase;
			buildActionMask = 2147483647;
			files = (
				DAC9E5B72702374E001442DE /* WatchLandmarksUITestsLaunchTests.swift in Sources */,
				DAC9E5B52702374E001442DE /* WatchLandmarksUITests.swift in Sources */,
			);
			runOnlyForDeploymentPostprocessing = 0;
		};
		DACA53FE26F3E84700B2203E /* Sources */ = {
			isa = PBXSourcesBuildPhase;
			buildActionMask = 2147483647;
			files = (
				DA061CF326F91D27008A94CA /* CategoryRow.swift in Sources */,
				DA061CF726F92574008A94CA /* Profile.swift in Sources */,
				DACA540826F3E84700B2203E /* ContentView.swift in Sources */,
				DA061CF126F91B94008A94CA /* CategoryHome.swift in Sources */,
				DA97EA5226FBBF3D009C626F /* FeatureCard.swift in Sources */,
				DA061CD326F90F41008A94CA /* Badge.swift in Sources */,
				DACA543326F6536600B2203E /* MapView.swift in Sources */,
				DA061CE826F9163E008A94CA /* GraphCapsule.swift in Sources */,
				DA061CEC26F91668008A94CA /* HikeGraph.swift in Sources */,
				DACA540626F3E84700B2203E /* LandmarksApp.swift in Sources */,
				DA97EA5626FBC6AF009C626F /* PageControl.swift in Sources */,
				DACA544226F661E900B2203E /* LandmarkList.swift in Sources */,
				DA061CF526F91E81008A94CA /* CategoryItem.swift in Sources */,
				DA061CCB26F907A2008A94CA /* HexagonParameters.swift in Sources */,
				DA061CFC26F92638008A94CA /* ProfileSummary.swift in Sources */,
				DA061CDA26F912AC008A94CA /* Hike.swift in Sources */,
				DA061CFA26F925E2008A94CA /* ProfileHost.swift in Sources */,
				DA061CD126F90EEA008A94CA /* RotatedBadgeSymbol.swift in Sources */,
				DA061CCF26F90CF6008A94CA /* BadgeSymbol.swift in Sources */,
				DA97EA5426FBC209009C626F /* PageView.swift in Sources */,
				DACA544426F662D900B2203E /* LandmarkDetail.swift in Sources */,
				DA061D0026F92A22008A94CA /* ProfileEditor.swift in Sources */,
				DA061CEA26F91651008A94CA /* HikeDetail.swift in Sources */,
				DA061CEE26F9167F008A94CA /* HikeView.swift in Sources */,
				DA061CC726F90453008A94CA /* FavouriteButton.swift in Sources */,
				DA97EA5026FBBE91009C626F /* PageViewController.swift in Sources */,
				DA061CCD26F90865008A94CA /* BadgeBackground.swift in Sources */,
				DA061CFE26F926FF008A94CA /* HikeBadge.swift in Sources */,
				DACA543126F6526D00B2203E /* CircleImage.swift in Sources */,
				DACA543A26F65A7700B2203E /* Landmark.swift in Sources */,
				DACA544026F660E200B2203E /* LandmarkRow.swift in Sources */,
				DACA543C26F65CC000B2203E /* ModelData.swift in Sources */,
			);
			runOnlyForDeploymentPostprocessing = 0;
		};
		DACA540F26F3E84900B2203E /* Sources */ = {
			isa = PBXSourcesBuildPhase;
			buildActionMask = 2147483647;
			files = (
				DACA541826F3E84900B2203E /* LandmarksTests.swift in Sources */,
			);
			runOnlyForDeploymentPostprocessing = 0;
		};
		DACA541A26F3E84900B2203E /* Sources */ = {
			isa = PBXSourcesBuildPhase;
			buildActionMask = 2147483647;
			files = (
				DACA542326F3E84900B2203E /* LandmarksUITests.swift in Sources */,
			);
			runOnlyForDeploymentPostprocessing = 0;
		};
/* End PBXSourcesBuildPhase section */

/* Begin PBXTargetDependency section */
		DAC9E58F2702374C001442DE /* PBXTargetDependency */ = {
			isa = PBXTargetDependency;
			target = DAC9E58B2702374C001442DE /* WatchLandmarks WatchKit Extension */;
			targetProxy = DAC9E58E2702374C001442DE /* PBXContainerItemProxy */;
		};
		DAC9E5A82702374E001442DE /* PBXTargetDependency */ = {
			isa = PBXTargetDependency;
			target = DAC9E58B2702374C001442DE /* WatchLandmarks WatchKit Extension */;
			targetProxy = DAC9E5A72702374E001442DE /* PBXContainerItemProxy */;
		};
		DAC9E5B22702374E001442DE /* PBXTargetDependency */ = {
			isa = PBXTargetDependency;
			target = DAC9E5832702374A001442DE /* WatchLandmarks */;
			targetProxy = DAC9E5B12702374E001442DE /* PBXContainerItemProxy */;
		};
		DAC9E5B92702374E001442DE /* PBXTargetDependency */ = {
			isa = PBXTargetDependency;
			target = DAC9E5832702374A001442DE /* WatchLandmarks */;
			targetProxy = DAC9E5B82702374E001442DE /* PBXContainerItemProxy */;
		};
		DACA541526F3E84900B2203E /* PBXTargetDependency */ = {
			isa = PBXTargetDependency;
			target = DACA540126F3E84700B2203E /* Landmarks */;
			targetProxy = DACA541426F3E84900B2203E /* PBXContainerItemProxy */;
		};
		DACA542026F3E84900B2203E /* PBXTargetDependency */ = {
			isa = PBXTargetDependency;
			target = DACA540126F3E84700B2203E /* Landmarks */;
			targetProxy = DACA541F26F3E84900B2203E /* PBXContainerItemProxy */;
		};
/* End PBXTargetDependency section */

/* Begin XCBuildConfiguration section */
		DAC9E5BC2702374E001442DE /* Debug */ = {
			isa = XCBuildConfiguration;
			buildSettings = {
				ALWAYS_EMBED_SWIFT_STANDARD_LIBRARIES = YES;
				ASSETCATALOG_COMPILER_APPICON_NAME = AppIcon;
				ASSETCATALOG_COMPILER_GLOBAL_ACCENT_COLOR_NAME = AccentColor;
				CLANG_CXX_LANGUAGE_STANDARD = "gnu++17";
				CODE_SIGN_STYLE = Automatic;
				CURRENT_PROJECT_VERSION = 1;
				DEVELOPMENT_TEAM = AN3JZ3XS34;
				GENERATE_INFOPLIST_FILE = YES;
				IBSC_MODULE = WatchLandmarks_WatchKit_Extension;
				INFOPLIST_KEY_CFBundleDisplayName = WatchLandmarks;
				INFOPLIST_KEY_UISupportedInterfaceOrientations = "UIInterfaceOrientationPortrait UIInterfaceOrientationPortraitUpsideDown";
				INFOPLIST_KEY_WKCompanionAppBundleIdentifier = cufarvid.Landmarks;
				MARKETING_VERSION = 1.0;
				PRODUCT_BUNDLE_IDENTIFIER = cufarvid.Landmarks.watchkitapp;
				PRODUCT_NAME = "$(TARGET_NAME)";
				SDKROOT = watchos;
				SKIP_INSTALL = YES;
				SWIFT_EMIT_LOC_STRINGS = YES;
				SWIFT_VERSION = 5.0;
				TARGETED_DEVICE_FAMILY = 4;
				WATCHOS_DEPLOYMENT_TARGET = 8.0;
			};
			name = Debug;
		};
		DAC9E5BD2702374E001442DE /* Release */ = {
			isa = XCBuildConfiguration;
			buildSettings = {
				ALWAYS_EMBED_SWIFT_STANDARD_LIBRARIES = YES;
				ASSETCATALOG_COMPILER_APPICON_NAME = AppIcon;
				ASSETCATALOG_COMPILER_GLOBAL_ACCENT_COLOR_NAME = AccentColor;
				CLANG_CXX_LANGUAGE_STANDARD = "gnu++17";
				CODE_SIGN_STYLE = Automatic;
				CURRENT_PROJECT_VERSION = 1;
				DEVELOPMENT_TEAM = AN3JZ3XS34;
				GENERATE_INFOPLIST_FILE = YES;
				IBSC_MODULE = WatchLandmarks_WatchKit_Extension;
				INFOPLIST_KEY_CFBundleDisplayName = WatchLandmarks;
				INFOPLIST_KEY_UISupportedInterfaceOrientations = "UIInterfaceOrientationPortrait UIInterfaceOrientationPortraitUpsideDown";
				INFOPLIST_KEY_WKCompanionAppBundleIdentifier = cufarvid.Landmarks;
				MARKETING_VERSION = 1.0;
				PRODUCT_BUNDLE_IDENTIFIER = cufarvid.Landmarks.watchkitapp;
				PRODUCT_NAME = "$(TARGET_NAME)";
				SDKROOT = watchos;
				SKIP_INSTALL = YES;
				SWIFT_EMIT_LOC_STRINGS = YES;
				SWIFT_VERSION = 5.0;
				TARGETED_DEVICE_FAMILY = 4;
				WATCHOS_DEPLOYMENT_TARGET = 8.0;
			};
			name = Release;
		};
		DAC9E5BF2702374E001442DE /* Debug */ = {
			isa = XCBuildConfiguration;
			buildSettings = {
				ASSETCATALOG_COMPILER_COMPLICATION_NAME = Complication;
				CLANG_CXX_LANGUAGE_STANDARD = "gnu++17";
				CODE_SIGN_STYLE = Automatic;
				CURRENT_PROJECT_VERSION = 1;
				DEVELOPMENT_ASSET_PATHS = "\"WatchLandmarks WatchKit Extension/Preview Content\"";
				DEVELOPMENT_TEAM = AN3JZ3XS34;
				ENABLE_PREVIEWS = YES;
				GENERATE_INFOPLIST_FILE = YES;
				INFOPLIST_FILE = "WatchLandmarks WatchKit Extension/Info.plist";
				INFOPLIST_KEY_CFBundleDisplayName = "WatchLandmarks WatchKit Extension";
				INFOPLIST_KEY_CLKComplicationPrincipalClass = WatchLandmarks_WatchKit_Extension.ComplicationController;
				INFOPLIST_KEY_NSHumanReadableCopyright = "";
				INFOPLIST_KEY_WKRunsIndependentlyOfCompanionApp = YES;
				LD_RUNPATH_SEARCH_PATHS = (
					"$(inherited)",
					"@executable_path/Frameworks",
					"@executable_path/../../Frameworks",
				);
				MARKETING_VERSION = 1.0;
				PRODUCT_BUNDLE_IDENTIFIER = cufarvid.Landmarks.watchkitapp.watchkitextension;
				PRODUCT_NAME = "${TARGET_NAME}";
				SDKROOT = watchos;
				SKIP_INSTALL = YES;
				SWIFT_EMIT_LOC_STRINGS = YES;
				SWIFT_VERSION = 5.0;
				TARGETED_DEVICE_FAMILY = 4;
				WATCHOS_DEPLOYMENT_TARGET = 8.0;
			};
			name = Debug;
		};
		DAC9E5C02702374E001442DE /* Release */ = {
			isa = XCBuildConfiguration;
			buildSettings = {
				ASSETCATALOG_COMPILER_COMPLICATION_NAME = Complication;
				CLANG_CXX_LANGUAGE_STANDARD = "gnu++17";
				CODE_SIGN_STYLE = Automatic;
				CURRENT_PROJECT_VERSION = 1;
				DEVELOPMENT_ASSET_PATHS = "\"WatchLandmarks WatchKit Extension/Preview Content\"";
				DEVELOPMENT_TEAM = AN3JZ3XS34;
				ENABLE_PREVIEWS = YES;
				GENERATE_INFOPLIST_FILE = YES;
				INFOPLIST_FILE = "WatchLandmarks WatchKit Extension/Info.plist";
				INFOPLIST_KEY_CFBundleDisplayName = "WatchLandmarks WatchKit Extension";
				INFOPLIST_KEY_CLKComplicationPrincipalClass = WatchLandmarks_WatchKit_Extension.ComplicationController;
				INFOPLIST_KEY_NSHumanReadableCopyright = "";
				INFOPLIST_KEY_WKRunsIndependentlyOfCompanionApp = YES;
				LD_RUNPATH_SEARCH_PATHS = (
					"$(inherited)",
					"@executable_path/Frameworks",
					"@executable_path/../../Frameworks",
				);
				MARKETING_VERSION = 1.0;
				PRODUCT_BUNDLE_IDENTIFIER = cufarvid.Landmarks.watchkitapp.watchkitextension;
				PRODUCT_NAME = "${TARGET_NAME}";
				SDKROOT = watchos;
				SKIP_INSTALL = YES;
				SWIFT_EMIT_LOC_STRINGS = YES;
				SWIFT_VERSION = 5.0;
				TARGETED_DEVICE_FAMILY = 4;
				WATCHOS_DEPLOYMENT_TARGET = 8.0;
			};
			name = Release;
		};
		DAC9E5C12702374E001442DE /* Debug */ = {
			isa = XCBuildConfiguration;
			buildSettings = {
				ALWAYS_EMBED_SWIFT_STANDARD_LIBRARIES = YES;
				BUNDLE_LOADER = "$(TEST_HOST)";
				CLANG_CXX_LANGUAGE_STANDARD = "gnu++17";
				CODE_SIGN_STYLE = Automatic;
				CURRENT_PROJECT_VERSION = 1;
				DEVELOPMENT_TEAM = AN3JZ3XS34;
				GENERATE_INFOPLIST_FILE = YES;
				LD_RUNPATH_SEARCH_PATHS = (
					"$(inherited)",
					"@executable_path/Frameworks",
					"@loader_path/Frameworks",
				);
				MARKETING_VERSION = 1.0;
				PRODUCT_BUNDLE_IDENTIFIER = cufarvid.Landmarks.WatchLandmarksTests;
				PRODUCT_NAME = "$(TARGET_NAME)";
				SDKROOT = watchos;
				SWIFT_EMIT_LOC_STRINGS = NO;
				SWIFT_VERSION = 5.0;
				TARGETED_DEVICE_FAMILY = 4;
				TEST_HOST = "$(BUILT_PRODUCTS_DIR)/WatchLandmarks WatchKit Extension.appex/WatchLandmarks WatchKit Extension";
				WATCHOS_DEPLOYMENT_TARGET = 8.0;
			};
			name = Debug;
		};
		DAC9E5C22702374E001442DE /* Release */ = {
			isa = XCBuildConfiguration;
			buildSettings = {
				ALWAYS_EMBED_SWIFT_STANDARD_LIBRARIES = YES;
				BUNDLE_LOADER = "$(TEST_HOST)";
				CLANG_CXX_LANGUAGE_STANDARD = "gnu++17";
				CODE_SIGN_STYLE = Automatic;
				CURRENT_PROJECT_VERSION = 1;
				DEVELOPMENT_TEAM = AN3JZ3XS34;
				GENERATE_INFOPLIST_FILE = YES;
				LD_RUNPATH_SEARCH_PATHS = (
					"$(inherited)",
					"@executable_path/Frameworks",
					"@loader_path/Frameworks",
				);
				MARKETING_VERSION = 1.0;
				PRODUCT_BUNDLE_IDENTIFIER = cufarvid.Landmarks.WatchLandmarksTests;
				PRODUCT_NAME = "$(TARGET_NAME)";
				SDKROOT = watchos;
				SWIFT_EMIT_LOC_STRINGS = NO;
				SWIFT_VERSION = 5.0;
				TARGETED_DEVICE_FAMILY = 4;
				TEST_HOST = "$(BUILT_PRODUCTS_DIR)/WatchLandmarks WatchKit Extension.appex/WatchLandmarks WatchKit Extension";
				WATCHOS_DEPLOYMENT_TARGET = 8.0;
			};
			name = Release;
		};
		DAC9E5C32702374E001442DE /* Debug */ = {
			isa = XCBuildConfiguration;
			buildSettings = {
				CLANG_CXX_LANGUAGE_STANDARD = "gnu++17";
				CODE_SIGN_STYLE = Automatic;
				CURRENT_PROJECT_VERSION = 1;
				DEVELOPMENT_TEAM = AN3JZ3XS34;
				GENERATE_INFOPLIST_FILE = YES;
				LD_RUNPATH_SEARCH_PATHS = (
					"$(inherited)",
					"@executable_path/Frameworks",
					"@loader_path/Frameworks",
				);
				MARKETING_VERSION = 1.0;
				PRODUCT_BUNDLE_IDENTIFIER = cufarvid.Landmarks.WatchLandmarksUITests;
				PRODUCT_NAME = "$(TARGET_NAME)";
				SDKROOT = watchos;
				SWIFT_EMIT_LOC_STRINGS = NO;
				SWIFT_VERSION = 5.0;
				TARGETED_DEVICE_FAMILY = 4;
				TEST_TARGET_NAME = WatchLandmarks;
				WATCHOS_DEPLOYMENT_TARGET = 8.0;
			};
			name = Debug;
		};
		DAC9E5C42702374E001442DE /* Release */ = {
			isa = XCBuildConfiguration;
			buildSettings = {
				CLANG_CXX_LANGUAGE_STANDARD = "gnu++17";
				CODE_SIGN_STYLE = Automatic;
				CURRENT_PROJECT_VERSION = 1;
				DEVELOPMENT_TEAM = AN3JZ3XS34;
				GENERATE_INFOPLIST_FILE = YES;
				LD_RUNPATH_SEARCH_PATHS = (
					"$(inherited)",
					"@executable_path/Frameworks",
					"@loader_path/Frameworks",
				);
				MARKETING_VERSION = 1.0;
				PRODUCT_BUNDLE_IDENTIFIER = cufarvid.Landmarks.WatchLandmarksUITests;
				PRODUCT_NAME = "$(TARGET_NAME)";
				SDKROOT = watchos;
				SWIFT_EMIT_LOC_STRINGS = NO;
				SWIFT_VERSION = 5.0;
				TARGETED_DEVICE_FAMILY = 4;
				TEST_TARGET_NAME = WatchLandmarks;
				WATCHOS_DEPLOYMENT_TARGET = 8.0;
			};
			name = Release;
		};
		DACA542526F3E84900B2203E /* Debug */ = {
			isa = XCBuildConfiguration;
			buildSettings = {
				ALWAYS_SEARCH_USER_PATHS = NO;
				CLANG_ANALYZER_NONNULL = YES;
				CLANG_ANALYZER_NUMBER_OBJECT_CONVERSION = YES_AGGRESSIVE;
				CLANG_CXX_LANGUAGE_STANDARD = "gnu++14";
				CLANG_CXX_LIBRARY = "libc++";
				CLANG_ENABLE_MODULES = YES;
				CLANG_ENABLE_OBJC_ARC = YES;
				CLANG_ENABLE_OBJC_WEAK = YES;
				CLANG_WARN_BLOCK_CAPTURE_AUTORELEASING = YES;
				CLANG_WARN_BOOL_CONVERSION = YES;
				CLANG_WARN_COMMA = YES;
				CLANG_WARN_CONSTANT_CONVERSION = YES;
				CLANG_WARN_DEPRECATED_OBJC_IMPLEMENTATIONS = YES;
				CLANG_WARN_DIRECT_OBJC_ISA_USAGE = YES_ERROR;
				CLANG_WARN_DOCUMENTATION_COMMENTS = YES;
				CLANG_WARN_EMPTY_BODY = YES;
				CLANG_WARN_ENUM_CONVERSION = YES;
				CLANG_WARN_INFINITE_RECURSION = YES;
				CLANG_WARN_INT_CONVERSION = YES;
				CLANG_WARN_NON_LITERAL_NULL_CONVERSION = YES;
				CLANG_WARN_OBJC_IMPLICIT_RETAIN_SELF = YES;
				CLANG_WARN_OBJC_LITERAL_CONVERSION = YES;
				CLANG_WARN_OBJC_ROOT_CLASS = YES_ERROR;
				CLANG_WARN_QUOTED_INCLUDE_IN_FRAMEWORK_HEADER = YES;
				CLANG_WARN_RANGE_LOOP_ANALYSIS = YES;
				CLANG_WARN_STRICT_PROTOTYPES = YES;
				CLANG_WARN_SUSPICIOUS_MOVE = YES;
				CLANG_WARN_UNGUARDED_AVAILABILITY = YES_AGGRESSIVE;
				CLANG_WARN_UNREACHABLE_CODE = YES;
				CLANG_WARN__DUPLICATE_METHOD_MATCH = YES;
				COPY_PHASE_STRIP = NO;
				DEBUG_INFORMATION_FORMAT = dwarf;
				ENABLE_STRICT_OBJC_MSGSEND = YES;
				ENABLE_TESTABILITY = YES;
				GCC_C_LANGUAGE_STANDARD = gnu11;
				GCC_DYNAMIC_NO_PIC = NO;
				GCC_NO_COMMON_BLOCKS = YES;
				GCC_OPTIMIZATION_LEVEL = 0;
				GCC_PREPROCESSOR_DEFINITIONS = (
					"DEBUG=1",
					"$(inherited)",
				);
				GCC_WARN_64_TO_32_BIT_CONVERSION = YES;
				GCC_WARN_ABOUT_RETURN_TYPE = YES_ERROR;
				GCC_WARN_UNDECLARED_SELECTOR = YES;
				GCC_WARN_UNINITIALIZED_AUTOS = YES_AGGRESSIVE;
				GCC_WARN_UNUSED_FUNCTION = YES;
				GCC_WARN_UNUSED_VARIABLE = YES;
				IPHONEOS_DEPLOYMENT_TARGET = 14.5;
				MTL_ENABLE_DEBUG_INFO = INCLUDE_SOURCE;
				MTL_FAST_MATH = YES;
				ONLY_ACTIVE_ARCH = YES;
				SDKROOT = iphoneos;
				SWIFT_ACTIVE_COMPILATION_CONDITIONS = DEBUG;
				SWIFT_OPTIMIZATION_LEVEL = "-Onone";
			};
			name = Debug;
		};
		DACA542626F3E84900B2203E /* Release */ = {
			isa = XCBuildConfiguration;
			buildSettings = {
				ALWAYS_SEARCH_USER_PATHS = NO;
				CLANG_ANALYZER_NONNULL = YES;
				CLANG_ANALYZER_NUMBER_OBJECT_CONVERSION = YES_AGGRESSIVE;
				CLANG_CXX_LANGUAGE_STANDARD = "gnu++14";
				CLANG_CXX_LIBRARY = "libc++";
				CLANG_ENABLE_MODULES = YES;
				CLANG_ENABLE_OBJC_ARC = YES;
				CLANG_ENABLE_OBJC_WEAK = YES;
				CLANG_WARN_BLOCK_CAPTURE_AUTORELEASING = YES;
				CLANG_WARN_BOOL_CONVERSION = YES;
				CLANG_WARN_COMMA = YES;
				CLANG_WARN_CONSTANT_CONVERSION = YES;
				CLANG_WARN_DEPRECATED_OBJC_IMPLEMENTATIONS = YES;
				CLANG_WARN_DIRECT_OBJC_ISA_USAGE = YES_ERROR;
				CLANG_WARN_DOCUMENTATION_COMMENTS = YES;
				CLANG_WARN_EMPTY_BODY = YES;
				CLANG_WARN_ENUM_CONVERSION = YES;
				CLANG_WARN_INFINITE_RECURSION = YES;
				CLANG_WARN_INT_CONVERSION = YES;
				CLANG_WARN_NON_LITERAL_NULL_CONVERSION = YES;
				CLANG_WARN_OBJC_IMPLICIT_RETAIN_SELF = YES;
				CLANG_WARN_OBJC_LITERAL_CONVERSION = YES;
				CLANG_WARN_OBJC_ROOT_CLASS = YES_ERROR;
				CLANG_WARN_QUOTED_INCLUDE_IN_FRAMEWORK_HEADER = YES;
				CLANG_WARN_RANGE_LOOP_ANALYSIS = YES;
				CLANG_WARN_STRICT_PROTOTYPES = YES;
				CLANG_WARN_SUSPICIOUS_MOVE = YES;
				CLANG_WARN_UNGUARDED_AVAILABILITY = YES_AGGRESSIVE;
				CLANG_WARN_UNREACHABLE_CODE = YES;
				CLANG_WARN__DUPLICATE_METHOD_MATCH = YES;
				COPY_PHASE_STRIP = NO;
				DEBUG_INFORMATION_FORMAT = "dwarf-with-dsym";
				ENABLE_NS_ASSERTIONS = NO;
				ENABLE_STRICT_OBJC_MSGSEND = YES;
				GCC_C_LANGUAGE_STANDARD = gnu11;
				GCC_NO_COMMON_BLOCKS = YES;
				GCC_WARN_64_TO_32_BIT_CONVERSION = YES;
				GCC_WARN_ABOUT_RETURN_TYPE = YES_ERROR;
				GCC_WARN_UNDECLARED_SELECTOR = YES;
				GCC_WARN_UNINITIALIZED_AUTOS = YES_AGGRESSIVE;
				GCC_WARN_UNUSED_FUNCTION = YES;
				GCC_WARN_UNUSED_VARIABLE = YES;
				IPHONEOS_DEPLOYMENT_TARGET = 14.5;
				MTL_ENABLE_DEBUG_INFO = NO;
				MTL_FAST_MATH = YES;
				SDKROOT = iphoneos;
				SWIFT_COMPILATION_MODE = wholemodule;
				SWIFT_OPTIMIZATION_LEVEL = "-O";
				VALIDATE_PRODUCT = YES;
			};
			name = Release;
		};
		DACA542826F3E84900B2203E /* Debug */ = {
			isa = XCBuildConfiguration;
			buildSettings = {
				ASSETCATALOG_COMPILER_APPICON_NAME = AppIcon;
				ASSETCATALOG_COMPILER_GLOBAL_ACCENT_COLOR_NAME = AccentColor;
				CODE_SIGN_STYLE = Automatic;
				DEVELOPMENT_ASSET_PATHS = "\"Landmarks/Preview Content\"";
				DEVELOPMENT_TEAM = AN3JZ3XS34;
				ENABLE_PREVIEWS = YES;
				INFOPLIST_FILE = Landmarks/Info.plist;
				IPHONEOS_DEPLOYMENT_TARGET = 14.0;
				LD_RUNPATH_SEARCH_PATHS = (
					"$(inherited)",
					"@executable_path/Frameworks",
				);
				PRODUCT_BUNDLE_IDENTIFIER = cufarvid.Landmarks;
				PRODUCT_NAME = "$(TARGET_NAME)";
				SWIFT_VERSION = 5.0;
				TARGETED_DEVICE_FAMILY = "1,2";
			};
			name = Debug;
		};
		DACA542926F3E84900B2203E /* Release */ = {
			isa = XCBuildConfiguration;
			buildSettings = {
				ASSETCATALOG_COMPILER_APPICON_NAME = AppIcon;
				ASSETCATALOG_COMPILER_GLOBAL_ACCENT_COLOR_NAME = AccentColor;
				CODE_SIGN_STYLE = Automatic;
				DEVELOPMENT_ASSET_PATHS = "\"Landmarks/Preview Content\"";
				DEVELOPMENT_TEAM = AN3JZ3XS34;
				ENABLE_PREVIEWS = YES;
				INFOPLIST_FILE = Landmarks/Info.plist;
				IPHONEOS_DEPLOYMENT_TARGET = 14.0;
				LD_RUNPATH_SEARCH_PATHS = (
					"$(inherited)",
					"@executable_path/Frameworks",
				);
				PRODUCT_BUNDLE_IDENTIFIER = cufarvid.Landmarks;
				PRODUCT_NAME = "$(TARGET_NAME)";
				SWIFT_VERSION = 5.0;
				TARGETED_DEVICE_FAMILY = "1,2";
			};
			name = Release;
		};
		DACA542B26F3E84900B2203E /* Debug */ = {
			isa = XCBuildConfiguration;
			buildSettings = {
				ALWAYS_EMBED_SWIFT_STANDARD_LIBRARIES = YES;
				BUNDLE_LOADER = "$(TEST_HOST)";
				CODE_SIGN_STYLE = Automatic;
				DEVELOPMENT_TEAM = AN3JZ3XS34;
				INFOPLIST_FILE = LandmarksTests/Info.plist;
				IPHONEOS_DEPLOYMENT_TARGET = 14.0;
				LD_RUNPATH_SEARCH_PATHS = (
					"$(inherited)",
					"@executable_path/Frameworks",
					"@loader_path/Frameworks",
				);
				PRODUCT_BUNDLE_IDENTIFIER = cufarvid.LandmarksTests;
				PRODUCT_NAME = "$(TARGET_NAME)";
				SWIFT_VERSION = 5.0;
				TARGETED_DEVICE_FAMILY = "1,2";
				TEST_HOST = "$(BUILT_PRODUCTS_DIR)/Landmarks.app/Landmarks";
			};
			name = Debug;
		};
		DACA542C26F3E84900B2203E /* Release */ = {
			isa = XCBuildConfiguration;
			buildSettings = {
				ALWAYS_EMBED_SWIFT_STANDARD_LIBRARIES = YES;
				BUNDLE_LOADER = "$(TEST_HOST)";
				CODE_SIGN_STYLE = Automatic;
				DEVELOPMENT_TEAM = AN3JZ3XS34;
				INFOPLIST_FILE = LandmarksTests/Info.plist;
				IPHONEOS_DEPLOYMENT_TARGET = 14.0;
				LD_RUNPATH_SEARCH_PATHS = (
					"$(inherited)",
					"@executable_path/Frameworks",
					"@loader_path/Frameworks",
				);
				PRODUCT_BUNDLE_IDENTIFIER = cufarvid.LandmarksTests;
				PRODUCT_NAME = "$(TARGET_NAME)";
				SWIFT_VERSION = 5.0;
				TARGETED_DEVICE_FAMILY = "1,2";
				TEST_HOST = "$(BUILT_PRODUCTS_DIR)/Landmarks.app/Landmarks";
			};
			name = Release;
		};
		DACA542E26F3E84900B2203E /* Debug */ = {
			isa = XCBuildConfiguration;
			buildSettings = {
				ALWAYS_EMBED_SWIFT_STANDARD_LIBRARIES = YES;
				CODE_SIGN_STYLE = Automatic;
				DEVELOPMENT_TEAM = AN3JZ3XS34;
				INFOPLIST_FILE = LandmarksUITests/Info.plist;
				LD_RUNPATH_SEARCH_PATHS = (
					"$(inherited)",
					"@executable_path/Frameworks",
					"@loader_path/Frameworks",
				);
				PRODUCT_BUNDLE_IDENTIFIER = cufarvid.LandmarksUITests;
				PRODUCT_NAME = "$(TARGET_NAME)";
				SWIFT_VERSION = 5.0;
				TARGETED_DEVICE_FAMILY = "1,2";
				TEST_TARGET_NAME = Landmarks;
			};
			name = Debug;
		};
		DACA542F26F3E84900B2203E /* Release */ = {
			isa = XCBuildConfiguration;
			buildSettings = {
				ALWAYS_EMBED_SWIFT_STANDARD_LIBRARIES = YES;
				CODE_SIGN_STYLE = Automatic;
				DEVELOPMENT_TEAM = AN3JZ3XS34;
				INFOPLIST_FILE = LandmarksUITests/Info.plist;
				LD_RUNPATH_SEARCH_PATHS = (
					"$(inherited)",
					"@executable_path/Frameworks",
					"@loader_path/Frameworks",
				);
				PRODUCT_BUNDLE_IDENTIFIER = cufarvid.LandmarksUITests;
				PRODUCT_NAME = "$(TARGET_NAME)";
				SWIFT_VERSION = 5.0;
				TARGETED_DEVICE_FAMILY = "1,2";
				TEST_TARGET_NAME = Landmarks;
			};
			name = Release;
		};
/* End XCBuildConfiguration section */

/* Begin XCConfigurationList section */
		DAC9E5C52702374E001442DE /* Build configuration list for PBXNativeTarget "WatchLandmarks WatchKit Extension" */ = {
			isa = XCConfigurationList;
			buildConfigurations = (
				DAC9E5BF2702374E001442DE /* Debug */,
				DAC9E5C02702374E001442DE /* Release */,
			);
			defaultConfigurationIsVisible = 0;
			defaultConfigurationName = Release;
		};
		DAC9E5C62702374E001442DE /* Build configuration list for PBXNativeTarget "WatchLandmarks" */ = {
			isa = XCConfigurationList;
			buildConfigurations = (
				DAC9E5BC2702374E001442DE /* Debug */,
				DAC9E5BD2702374E001442DE /* Release */,
			);
			defaultConfigurationIsVisible = 0;
			defaultConfigurationName = Release;
		};
		DAC9E5C72702374E001442DE /* Build configuration list for PBXNativeTarget "WatchLandmarksTests" */ = {
			isa = XCConfigurationList;
			buildConfigurations = (
				DAC9E5C12702374E001442DE /* Debug */,
				DAC9E5C22702374E001442DE /* Release */,
			);
			defaultConfigurationIsVisible = 0;
			defaultConfigurationName = Release;
		};
		DAC9E5C82702374E001442DE /* Build configuration list for PBXNativeTarget "WatchLandmarksUITests" */ = {
			isa = XCConfigurationList;
			buildConfigurations = (
				DAC9E5C32702374E001442DE /* Debug */,
				DAC9E5C42702374E001442DE /* Release */,
			);
			defaultConfigurationIsVisible = 0;
			defaultConfigurationName = Release;
		};
		DACA53FD26F3E84700B2203E /* Build configuration list for PBXProject "Landmarks" */ = {
			isa = XCConfigurationList;
			buildConfigurations = (
				DACA542526F3E84900B2203E /* Debug */,
				DACA542626F3E84900B2203E /* Release */,
			);
			defaultConfigurationIsVisible = 0;
			defaultConfigurationName = Release;
		};
		DACA542726F3E84900B2203E /* Build configuration list for PBXNativeTarget "Landmarks" */ = {
			isa = XCConfigurationList;
			buildConfigurations = (
				DACA542826F3E84900B2203E /* Debug */,
				DACA542926F3E84900B2203E /* Release */,
			);
			defaultConfigurationIsVisible = 0;
			defaultConfigurationName = Release;
		};
		DACA542A26F3E84900B2203E /* Build configuration list for PBXNativeTarget "LandmarksTests" */ = {
			isa = XCConfigurationList;
			buildConfigurations = (
				DACA542B26F3E84900B2203E /* Debug */,
				DACA542C26F3E84900B2203E /* Release */,
			);
			defaultConfigurationIsVisible = 0;
			defaultConfigurationName = Release;
		};
		DACA542D26F3E84900B2203E /* Build configuration list for PBXNativeTarget "LandmarksUITests" */ = {
			isa = XCConfigurationList;
			buildConfigurations = (
				DACA542E26F3E84900B2203E /* Debug */,
				DACA542F26F3E84900B2203E /* Release */,
			);
			defaultConfigurationIsVisible = 0;
			defaultConfigurationName = Release;
		};
/* End XCConfigurationList section */
	};
	rootObject = DACA53FA26F3E84700B2203E /* Project object */;
}
